
Microsoft Visual Studio Solution File, Format Version 12.00
# Visual Studio Version 17
VisualStudioVersion = 17.7.34024.191
MinimumVisualStudioVersion = 10.0.40219.1
Project("{FAE04EC0-301F-11D3-BF4B-00C04F79EFBC}") = "МосквинКульбацкий_И_____________Серега", "МосквинКульбацкий_И_____________Серега\МосквинКульбацкий_И_____________Серега.csproj", "{B99792B3-D15C-428E-B878-57A22090578E}"
EndProject
Global
	GlobalSection(SolutionConfigurationPlatforms) = preSolution
		Debug|Any CPU = Debug|Any CPU
		Release|Any CPU = Release|Any CPU
	EndGlobalSection
	GlobalSection(ProjectConfigurationPlatforms) = postSolution
		{B99792B3-D15C-428E-B878-57A22090578E}.Debug|Any CPU.ActiveCfg = Debug|Any CPU
		{B99792B3-D15C-428E-B878-57A22090578E}.Debug|Any CPU.Build.0 = Debug|Any CPU
		{B99792B3-D15C-428E-B878-57A22090578E}.Release|Any CPU.ActiveCfg = Release|Any CPU
		{B99792B3-D15C-428E-B878-57A22090578E}.Release|Any CPU.Build.0 = Release|Any CPU
	EndGlobalSection
	GlobalSection(SolutionProperties) = preSolution
		HideSolutionNode = FALSE
	EndGlobalSection
	GlobalSection(ExtensibilityGlobals) = postSolution
		SolutionGuid = {60593D8B-99D7-4C9E-B1A8-96451395C6D1}
	EndGlobalSection
EndGlobal
